
Microsoft Visual Studio Solution File, Format Version 12.00
# Visual Studio 15
VisualStudioVersion = 15.0.28010.2003
MinimumVisualStudioVersion = 10.0.40219.1
Project("{FAE04EC0-301F-11D3-BF4B-00C04F79EFBC}") = "Stitchy", "Stitchy\Stitchy.csproj", "{59735CFA-E54C-42D4-B404-133377C38319}"
EndProject
Project("{FAE04EC0-301F-11D3-BF4B-00C04F79EFBC}") = "Stitchy.App", "Stitch.App\Stitchy.App.csproj", "{07A8C10B-FC67-486A-BEEB-B7A18CF51202}"
EndProject
Global
	GlobalSection(SolutionConfigurationPlatforms) = preSolution
		Debug|Any CPU = Debug|Any CPU
		Release|Any CPU = Release|Any CPU
	EndGlobalSection
	GlobalSection(ProjectConfigurationPlatforms) = postSolution
		{59735CFA-E54C-42D4-B404-133377C38319}.Debug|Any CPU.ActiveCfg = Debug|Any CPU
		{59735CFA-E54C-42D4-B404-133377C38319}.Debug|Any CPU.Build.0 = Debug|Any CPU
		{59735CFA-E54C-42D4-B404-133377C38319}.Release|Any CPU.ActiveCfg = Release|Any CPU
		{59735CFA-E54C-42D4-B404-133377C38319}.Release|Any CPU.Build.0 = Release|Any CPU
		{07A8C10B-FC67-486A-BEEB-B7A18CF51202}.Debug|Any CPU.ActiveCfg = Debug|Any CPU
		{07A8C10B-FC67-486A-BEEB-B7A18CF51202}.Debug|Any CPU.Build.0 = Debug|Any CPU
		{07A8C10B-FC67-486A-BEEB-B7A18CF51202}.Release|Any CPU.ActiveCfg = Release|Any CPU
		{07A8C10B-FC67-486A-BEEB-B7A18CF51202}.Release|Any CPU.Build.0 = Release|Any CPU
	EndGlobalSection
	GlobalSection(SolutionProperties) = preSolution
		HideSolutionNode = FALSE
	EndGlobalSection
	GlobalSection(ExtensibilityGlobals) = postSolution
		SolutionGuid = {46B6BFA5-B0C6-4C97-AFF0-5D5DF4821A5C}
	EndGlobalSection
EndGlobal
